
Microsoft Visual Studio Solution File, Format Version 12.00
Project("{FAE04EC0-301F-11D3-BF4B-00C04F79EFBC}") = "ChatApplication", "ChatApplication.csproj", "{D31642B6-588B-4C15-9F4E-A44499065F4C}"
EndProject
Global
	GlobalSection(SolutionConfigurationPlatforms) = preSolution
		Debug|Any CPU = Debug|Any CPU
		Release|Any CPU = Release|Any CPU
	EndGlobalSection
	GlobalSection(ProjectConfigurationPlatforms) = postSolution
		{D31642B6-588B-4C15-9F4E-A44499065F4C}.Debug|Any CPU.ActiveCfg = Debug|Any CPU
		{D31642B6-588B-4C15-9F4E-A44499065F4C}.Debug|Any CPU.Build.0 = Debug|Any CPU
		{D31642B6-588B-4C15-9F4E-A44499065F4C}.Release|Any CPU.ActiveCfg = Release|Any CPU
		{D31642B6-588B-4C15-9F4E-A44499065F4C}.Release|Any CPU.Build.0 = Release|Any CPU
	EndGlobalSection
EndGlobal
